
Microsoft Visual Studio Solution File, Format Version 12.00
# Visual Studio Version 17
VisualStudioVersion = 17.0.31912.275
MinimumVisualStudioVersion = 10.0.40219.1
Project("{FAE04EC0-301F-11D3-BF4B-00C04F79EFBC}") = "WebproQuiz2", "WebproQuiz2\WebproQuiz2.csproj", "{DAAD1BF2-8AAA-4104-9B37-B1B5D472C058}"
EndProject
Global
	GlobalSection(SolutionConfigurationPlatforms) = preSolution
		Debug|Any CPU = Debug|Any CPU
		Release|Any CPU = Release|Any CPU
	EndGlobalSection
	GlobalSection(ProjectConfigurationPlatforms) = postSolution
		{DAAD1BF2-8AAA-4104-9B37-B1B5D472C058}.Debug|Any CPU.ActiveCfg = Debug|Any CPU
		{DAAD1BF2-8AAA-4104-9B37-B1B5D472C058}.Debug|Any CPU.Build.0 = Debug|Any CPU
		{DAAD1BF2-8AAA-4104-9B37-B1B5D472C058}.Release|Any CPU.ActiveCfg = Release|Any CPU
		{DAAD1BF2-8AAA-4104-9B37-B1B5D472C058}.Release|Any CPU.Build.0 = Release|Any CPU
	EndGlobalSection
	GlobalSection(SolutionProperties) = preSolution
		HideSolutionNode = FALSE
	EndGlobalSection
	GlobalSection(ExtensibilityGlobals) = postSolution
		SolutionGuid = {F117FFF6-FC26-43E2-A943-ADCF9BF5D900}
	EndGlobalSection
EndGlobal
